// !$*UTF8*$!
{
	archiveVersion = 1;
	classes = {
	};
	objectVersion = 50;
	objects = {

/* Begin PBXBuildFile section */
		8484E240218F40EB00C65EE2 /* AppDelegate.swift in Sources */ = {isa = PBXBuildFile; fileRef = 8484E23F218F40EB00C65EE2 /* AppDelegate.swift */; };
		8484E245218F40EB00C65EE2 /* Main.storyboard in Resources */ = {isa = PBXBuildFile; fileRef = 8484E243218F40EB00C65EE2 /* Main.storyboard */; };
		8484E247218F40EC00C65EE2 /* Assets.xcassets in Resources */ = {isa = PBXBuildFile; fileRef = 8484E246218F40EC00C65EE2 /* Assets.xcassets */; };
		8484E24A218F40EC00C65EE2 /* LaunchScreen.storyboard in Resources */ = {isa = PBXBuildFile; fileRef = 8484E248218F40EC00C65EE2 /* LaunchScreen.storyboard */; };
		8484E255218F40ED00C65EE2 /* Big14RadioTests.swift in Sources */ = {isa = PBXBuildFile; fileRef = 8484E254218F40ED00C65EE2 /* Big14RadioTests.swift */; };
		8484E260218F40ED00C65EE2 /* Big14RadioUITests.swift in Sources */ = {isa = PBXBuildFile; fileRef = 8484E25F218F40ED00C65EE2 /* Big14RadioUITests.swift */; };
		8484E270218F44E200C65EE2 /* SWRevealViewController.m in Sources */ = {isa = PBXBuildFile; fileRef = 8484E26F218F44E200C65EE2 /* SWRevealViewController.m */; };
		8484E272218F4A2300C65EE2 /* ViewController.swift in Sources */ = {isa = PBXBuildFile; fileRef = 8484E271218F4A2300C65EE2 /* ViewController.swift */; };
		8484E274218F81B800C65EE2 /* WebViewController.swift in Sources */ = {isa = PBXBuildFile; fileRef = 8484E273218F81B800C65EE2 /* WebViewController.swift */; };
/* End PBXBuildFile section */

/* Begin PBXContainerItemProxy section */
		8484E251218F40ED00C65EE2 /* PBXContainerItemProxy */ = {
			isa = PBXContainerItemProxy;
			containerPortal = 8484E234218F40EB00C65EE2 /* Project object */;
			proxyType = 1;
			remoteGlobalIDString = 8484E23B218F40EB00C65EE2;
			remoteInfo = Big14Radio;
		};
		8484E25C218F40ED00C65EE2 /* PBXContainerItemProxy */ = {
			isa = PBXContainerItemProxy;
			containerPortal = 8484E234218F40EB00C65EE2 /* Project object */;
			proxyType = 1;
			remoteGlobalIDString = 8484E23B218F40EB00C65EE2;
			remoteInfo = Big14Radio;
		};
/* End PBXContainerItemProxy section */

/* Begin PBXFileReference section */
		8484E23C218F40EB00C65EE2 /* Big14Radio.app */ = {isa = PBXFileReference; explicitFileType = wrapper.application; includeInIndex = 0; path = Big14Radio.app; sourceTree = BUILT_PRODUCTS_DIR; };
		8484E23F218F40EB00C65EE2 /* AppDelegate.swift */ = {isa = PBXFileReference; lastKnownFileType = sourcecode.swift; path = AppDelegate.swift; sourceTree = "<group>"; };
		8484E244218F40EB00C65EE2 /* Base */ = {isa = PBXFileReference; lastKnownFileType = file.storyboard; name = Base; path = Base.lproj/Main.storyboard; sourceTree = "<group>"; };
		8484E246218F40EC00C65EE2 /* Assets.xcassets */ = {isa = PBXFileReference; lastKnownFileType = folder.assetcatalog; path = Assets.xcassets; sourceTree = "<group>"; };
		8484E249218F40EC00C65EE2 /* Base */ = {isa = PBXFileReference; lastKnownFileType = file.storyboard; name = Base; path = Base.lproj/LaunchScreen.storyboard; sourceTree = "<group>"; };
		8484E24B218F40EC00C65EE2 /* Info.plist */ = {isa = PBXFileReference; lastKnownFileType = text.plist.xml; path = Info.plist; sourceTree = "<group>"; };
		8484E250218F40ED00C65EE2 /* Big14RadioTests.xctest */ = {isa = PBXFileReference; explicitFileType = wrapper.cfbundle; includeInIndex = 0; path = Big14RadioTests.xctest; sourceTree = BUILT_PRODUCTS_DIR; };
		8484E254218F40ED00C65EE2 /* Big14RadioTests.swift */ = {isa = PBXFileReference; lastKnownFileType = sourcecode.swift; path = Big14RadioTests.swift; sourceTree = "<group>"; };
		8484E256218F40ED00C65EE2 /* Info.plist */ = {isa = PBXFileReference; lastKnownFileType = text.plist.xml; path = Info.plist; sourceTree = "<group>"; };
		8484E25B218F40ED00C65EE2 /* Big14RadioUITests.xctest */ = {isa = PBXFileReference; explicitFileType = wrapper.cfbundle; includeInIndex = 0; path = Big14RadioUITests.xctest; sourceTree = BUILT_PRODUCTS_DIR; };
		8484E25F218F40ED00C65EE2 /* Big14RadioUITests.swift */ = {isa = PBXFileReference; lastKnownFileType = sourcecode.swift; path = Big14RadioUITests.swift; sourceTree = "<group>"; };
		8484E261218F40ED00C65EE2 /* Info.plist */ = {isa = PBXFileReference; lastKnownFileType = text.plist.xml; path = Info.plist; sourceTree = "<group>"; };
		8484E26D218F44E100C65EE2 /* Big14Radio-Bridging-Header.h */ = {isa = PBXFileReference; lastKnownFileType = sourcecode.c.h; path = "Big14Radio-Bridging-Header.h"; sourceTree = "<group>"; };
		8484E26E218F44E200C65EE2 /* SWRevealViewController.h */ = {isa = PBXFileReference; fileEncoding = 4; lastKnownFileType = sourcecode.c.h; path = SWRevealViewController.h; sourceTree = "<group>"; };
		8484E26F218F44E200C65EE2 /* SWRevealViewController.m */ = {isa = PBXFileReference; fileEncoding = 4; lastKnownFileType = sourcecode.c.objc; path = SWRevealViewController.m; sourceTree = "<group>"; };
		8484E271218F4A2300C65EE2 /* ViewController.swift */ = {isa = PBXFileReference; lastKnownFileType = sourcecode.swift; path = ViewController.swift; sourceTree = "<group>"; };
		8484E273218F81B800C65EE2 /* WebViewController.swift */ = {isa = PBXFileReference; lastKnownFileType = sourcecode.swift; path = WebViewController.swift; sourceTree = "<group>"; };
/* End PBXFileReference section */

/* Begin PBXFrameworksBuildPhase section */
		8484E239218F40EB00C65EE2 /* Frameworks */ = {
			isa = PBXFrameworksBuildPhase;
			buildActionMask = 2147483647;
			files = (
			);
			runOnlyForDeploymentPostprocessing = 0;
		};
		8484E24D218F40ED00C65EE2 /* Frameworks */ = {
			isa = PBXFrameworksBuildPhase;
			buildActionMask = 2147483647;
			files = (
			);
			runOnlyForDeploymentPostprocessing = 0;
		};
		8484E258218F40ED00C65EE2 /* Frameworks */ = {
			isa = PBXFrameworksBuildPhase;
			buildActionMask = 2147483647;
			files = (
			);
			runOnlyForDeploymentPostprocessing = 0;
		};
/* End PBXFrameworksBuildPhase section */

/* Begin PBXGroup section */
		8484E233218F40EB00C65EE2 = {
			isa = PBXGroup;
			children = (
				8484E23E218F40EB00C65EE2 /* Big14Radio */,
				8484E253218F40ED00C65EE2 /* Big14RadioTests */,
				8484E25E218F40ED00C65EE2 /* Big14RadioUITests */,
				8484E23D218F40EB00C65EE2 /* Products */,
			);
			sourceTree = "<group>";
		};
		8484E23D218F40EB00C65EE2 /* Products */ = {
			isa = PBXGroup;
			children = (
				8484E23C218F40EB00C65EE2 /* Big14Radio.app */,
				8484E250218F40ED00C65EE2 /* Big14RadioTests.xctest */,
				8484E25B218F40ED00C65EE2 /* Big14RadioUITests.xctest */,
			);
			name = Products;
			sourceTree = "<group>";
		};
		8484E23E218F40EB00C65EE2 /* Big14Radio */ = {
			isa = PBXGroup;
			children = (
				8484E26E218F44E200C65EE2 /* SWRevealViewController.h */,
				8484E26F218F44E200C65EE2 /* SWRevealViewController.m */,
				8484E23F218F40EB00C65EE2 /* AppDelegate.swift */,
				8484E243218F40EB00C65EE2 /* Main.storyboard */,
				8484E273218F81B800C65EE2 /* WebViewController.swift */,
				8484E246218F40EC00C65EE2 /* Assets.xcassets */,
				8484E248218F40EC00C65EE2 /* LaunchScreen.storyboard */,
				8484E24B218F40EC00C65EE2 /* Info.plist */,
				8484E26D218F44E100C65EE2 /* Big14Radio-Bridging-Header.h */,
				8484E271218F4A2300C65EE2 /* ViewController.swift */,
			);
			path = Big14Radio;
			sourceTree = "<group>";
		};
		8484E253218F40ED00C65EE2 /* Big14RadioTests */ = {
			isa = PBXGroup;
			children = (
				8484E254218F40ED00C65EE2 /* Big14RadioTests.swift */,
				8484E256218F40ED00C65EE2 /* Info.plist */,
			);
			path = Big14RadioTests;
			sourceTree = "<group>";
		};
		8484E25E218F40ED00C65EE2 /* Big14RadioUITests */ = {
			isa = PBXGroup;
			children = (
				8484E25F218F40ED00C65EE2 /* Big14RadioUITests.swift */,
				8484E261218F40ED00C65EE2 /* Info.plist */,
			);
			path = Big14RadioUITests;
			sourceTree = "<group>";
		};
/* End PBXGroup section */

/* Begin PBXNativeTarget section */
		8484E23B218F40EB00C65EE2 /* Big14Radio */ = {
			isa = PBXNativeTarget;
			buildConfigurationList = 8484E264218F40ED00C65EE2 /* Build configuration list for PBXNativeTarget "Big14Radio" */;
			buildPhases = (
				8484E238218F40EB00C65EE2 /* Sources */,
				8484E239218F40EB00C65EE2 /* Frameworks */,
				8484E23A218F40EB00C65EE2 /* Resources */,
			);
			buildRules = (
			);
			dependencies = (
			);
			name = Big14Radio;
			productName = Big14Radio;
			productReference = 8484E23C218F40EB00C65EE2 /* Big14Radio.app */;
			productType = "com.apple.product-type.application";
		};
		8484E24F218F40ED00C65EE2 /* Big14RadioTests */ = {
			isa = PBXNativeTarget;
			buildConfigurationList = 8484E267218F40ED00C65EE2 /* Build configuration list for PBXNativeTarget "Big14RadioTests" */;
			buildPhases = (
				8484E24C218F40ED00C65EE2 /* Sources */,
				8484E24D218F40ED00C65EE2 /* Frameworks */,
				8484E24E218F40ED00C65EE2 /* Resources */,
			);
			buildRules = (
			);
			dependencies = (
				8484E252218F40ED00C65EE2 /* PBXTargetDependency */,
			);
			name = Big14RadioTests;
			productName = Big14RadioTests;
			productReference = 8484E250218F40ED00C65EE2 /* Big14RadioTests.xctest */;
			productType = "com.apple.product-type.bundle.unit-test";
		};
		8484E25A218F40ED00C65EE2 /* Big14RadioUITests */ = {
			isa = PBXNativeTarget;
			buildConfigurationList = 8484E26A218F40ED00C65EE2 /* Build configuration list for PBXNativeTarget "Big14RadioUITests" */;
			buildPhases = (
				8484E257218F40ED00C65EE2 /* Sources */,
				8484E258218F40ED00C65EE2 /* Frameworks */,
				8484E259218F40ED00C65EE2 /* Resources */,
			);
			buildRules = (
			);
			dependencies = (
				8484E25D218F40ED00C65EE2 /* PBXTargetDependency */,
			);
			name = Big14RadioUITests;
			productName = Big14RadioUITests;
			productReference = 8484E25B218F40ED00C65EE2 /* Big14RadioUITests.xctest */;
			productType = "com.apple.product-type.bundle.ui-testing";
		};
/* End PBXNativeTarget section */

/* Begin PBXProject section */
		8484E234218F40EB00C65EE2 /* Project object */ = {
			isa = PBXProject;
			attributes = {
				LastSwiftUpdateCheck = 1010;
				LastUpgradeCheck = 1010;
				ORGANIZATIONNAME = big14;
				TargetAttributes = {
					8484E23B218F40EB00C65EE2 = {
						CreatedOnToolsVersion = 10.1;
						LastSwiftMigration = 1010;
					};
					8484E24F218F40ED00C65EE2 = {
						CreatedOnToolsVersion = 10.1;
						TestTargetID = 8484E23B218F40EB00C65EE2;
					};
					8484E25A218F40ED00C65EE2 = {
						CreatedOnToolsVersion = 10.1;
						TestTargetID = 8484E23B218F40EB00C65EE2;
					};
				};
			};
			buildConfigurationList = 8484E237218F40EB00C65EE2 /* Build configuration list for PBXProject "Big14Radio" */;
			compatibilityVersion = "Xcode 9.3";
			developmentRegion = en;
			hasScannedForEncodings = 0;
			knownRegions = (
				en,
				Base,
			);
			mainGroup = 8484E233218F40EB00C65EE2;
			productRefGroup = 8484E23D218F40EB00C65EE2 /* Products */;
			projectDirPath = "";
			projectRoot = "";
			targets = (
				8484E23B218F40EB00C65EE2 /* Big14Radio */,
				8484E24F218F40ED00C65EE2 /* Big14RadioTests */,
				8484E25A218F40ED00C65EE2 /* Big14RadioUITests */,
			);
		};
/* End PBXProject section */

/* Begin PBXResourcesBuildPhase section */
		8484E23A218F40EB00C65EE2 /* Resources */ = {
			isa = PBXResourcesBuildPhase;
			buildActionMask = 2147483647;
			files = (
				8484E24A218F40EC00C65EE2 /* LaunchScreen.storyboard in Resources */,
				8484E247218F40EC00C65EE2 /* Assets.xcassets in Resources */,
				8484E245218F40EB00C65EE2 /* Main.storyboard in Resources */,
			);
			runOnlyForDeploymentPostprocessing = 0;
		};
		8484E24E218F40ED00C65EE2 /* Resources */ = {
			isa = PBXResourcesBuildPhase;
			buildActionMask = 2147483647;
			files = (
			);
			runOnlyForDeploymentPostprocessing = 0;
		};
		8484E259218F40ED00C65EE2 /* Resources */ = {
			isa = PBXResourcesBuildPhase;
			buildActionMask = 2147483647;
			files = (
			);
			runOnlyForDeploymentPostprocessing = 0;
		};
/* End PBXResourcesBuildPhase section */

/* Begin PBXSourcesBuildPhase section */
		8484E238218F40EB00C65EE2 /* Sources */ = {
			isa = PBXSourcesBuildPhase;
			buildActionMask = 2147483647;
			files = (
				8484E272218F4A2300C65EE2 /* ViewController.swift in Sources */,
				8484E240218F40EB00C65EE2 /* AppDelegate.swift in Sources */,
				8484E270218F44E200C65EE2 /* SWRevealViewController.m in Sources */,
				8484E274218F81B800C65EE2 /* WebViewController.swift in Sources */,
			);
			runOnlyForDeploymentPostprocessing = 0;
		};
		8484E24C218F40ED00C65EE2 /* Sources */ = {
			isa = PBXSourcesBuildPhase;
			buildActionMask = 2147483647;
			files = (
				8484E255218F40ED00C65EE2 /* Big14RadioTests.swift in Sources */,
			);
			runOnlyForDeploymentPostprocessing = 0;
		};
		8484E257218F40ED00C65EE2 /* Sources */ = {
			isa = PBXSourcesBuildPhase;
			buildActionMask = 2147483647;
			files = (
				8484E260218F40ED00C65EE2 /* Big14RadioUITests.swift in Sources */,
			);
			runOnlyForDeploymentPostprocessing = 0;
		};
/* End PBXSourcesBuildPhase section */

/* Begin PBXTargetDependency section */
		8484E252218F40ED00C65EE2 /* PBXTargetDependency */ = {
			isa = PBXTargetDependency;
			target = 8484E23B218F40EB00C65EE2 /* Big14Radio */;
			targetProxy = 8484E251218F40ED00C65EE2 /* PBXContainerItemProxy */;
		};
		8484E25D218F40ED00C65EE2 /* PBXTargetDependency */ = {
			isa = PBXTargetDependency;
			target = 8484E23B218F40EB00C65EE2 /* Big14Radio */;
			targetProxy = 8484E25C218F40ED00C65EE2 /* PBXContainerItemProxy */;
		};
/* End PBXTargetDependency section */

/* Begin PBXVariantGroup section */
		8484E243218F40EB00C65EE2 /* Main.storyboard */ = {
			isa = PBXVariantGroup;
			children = (
				8484E244218F40EB00C65EE2 /* Base */,
			);
			name = Main.storyboard;
			sourceTree = "<group>";
		};
		8484E248218F40EC00C65EE2 /* LaunchScreen.storyboard */ = {
			isa = PBXVariantGroup;
			children = (
				8484E249218F40EC00C65EE2 /* Base */,
			);
			name = LaunchScreen.storyboard;
			sourceTree = "<group>";
		};
/* End PBXVariantGroup section */

/* Begin XCBuildConfiguration section */
		8484E262218F40ED00C65EE2 /* Debug */ = {
			isa = XCBuildConfiguration;
			buildSettings = {
				ALWAYS_SEARCH_USER_PATHS = NO;
				CLANG_ANALYZER_NONNULL = YES;
				CLANG_ANALYZER_NUMBER_OBJECT_CONVERSION = YES_AGGRESSIVE;
				CLANG_CXX_LANGUAGE_STANDARD = "gnu++14";
				CLANG_CXX_LIBRARY = "libc++";
				CLANG_ENABLE_MODULES = YES;
				CLANG_ENABLE_OBJC_ARC = YES;
				CLANG_ENABLE_OBJC_WEAK = YES;
				CLANG_WARN_BLOCK_CAPTURE_AUTORELEASING = YES;
				CLANG_WARN_BOOL_CONVERSION = YES;
				CLANG_WARN_COMMA = YES;
				CLANG_WARN_CONSTANT_CONVERSION = YES;
				CLANG_WARN_DEPRECATED_OBJC_IMPLEMENTATIONS = YES;
				CLANG_WARN_DIRECT_OBJC_ISA_USAGE = YES_ERROR;
				CLANG_WARN_DOCUMENTATION_COMMENTS = YES;
				CLANG_WARN_EMPTY_BODY = YES;
				CLANG_WARN_ENUM_CONVERSION = YES;
				CLANG_WARN_INFINITE_RECURSION = YES;
				CLANG_WARN_INT_CONVERSION = YES;
				CLANG_WARN_NON_LITERAL_NULL_CONVERSION = YES;
				CLANG_WARN_OBJC_IMPLICIT_RETAIN_SELF = YES;
				CLANG_WARN_OBJC_LITERAL_CONVERSION = YES;
				CLANG_WARN_OBJC_ROOT_CLASS = YES_ERROR;
				CLANG_WARN_RANGE_LOOP_ANALYSIS = YES;
				CLANG_WARN_STRICT_PROTOTYPES = YES;
				CLANG_WARN_SUSPICIOUS_MOVE = YES;
				CLANG_WARN_UNGUARDED_AVAILABILITY = YES_AGGRESSIVE;
				CLANG_WARN_UNREACHABLE_CODE = YES;
				CLANG_WARN__DUPLICATE_METHOD_MATCH = YES;
				CODE_SIGN_IDENTITY = "iPhone Developer";
				COPY_PHASE_STRIP = NO;
				DEBUG_INFORMATION_FORMAT = dwarf;
				ENABLE_STRICT_OBJC_MSGSEND = YES;
				ENABLE_TESTABILITY = YES;
				GCC_C_LANGUAGE_STANDARD = gnu11;
				GCC_DYNAMIC_NO_PIC = NO;
				GCC_NO_COMMON_BLOCKS = YES;
				GCC_OPTIMIZATION_LEVEL = 0;
				GCC_PREPROCESSOR_DEFINITIONS = (
					"DEBUG=1",
					"$(inherited)",
				);
				GCC_WARN_64_TO_32_BIT_CONVERSION = YES;
				GCC_WARN_ABOUT_RETURN_TYPE = YES_ERROR;
				GCC_WARN_UNDECLARED_SELECTOR = YES;
				GCC_WARN_UNINITIALIZED_AUTOS = YES_AGGRESSIVE;
				GCC_WARN_UNUSED_FUNCTION = YES;
				GCC_WARN_UNUSED_VARIABLE = YES;
				IPHONEOS_DEPLOYMENT_TARGET = 12.1;
				MTL_ENABLE_DEBUG_INFO = INCLUDE_SOURCE;
				MTL_FAST_MATH = YES;
				ONLY_ACTIVE_ARCH = YES;
				SDKROOT = iphoneos;
				SWIFT_ACTIVE_COMPILATION_CONDITIONS = DEBUG;
				SWIFT_OPTIMIZATION_LEVEL = "-Onone";
			};
			name = Debug;
		};
		8484E263218F40ED00C65EE2 /* Release */ = {
			isa = XCBuildConfiguration;
			buildSettings = {
				ALWAYS_SEARCH_USER_PATHS = NO;
				CLANG_ANALYZER_NONNULL = YES;
				CLANG_ANALYZER_NUMBER_OBJECT_CONVERSION = YES_AGGRESSIVE;
				CLANG_CXX_LANGUAGE_STANDARD = "gnu++14";
				CLANG_CXX_LIBRARY = "libc++";
				CLANG_ENABLE_MODULES = YES;
				CLANG_ENABLE_OBJC_ARC = YES;
				CLANG_ENABLE_OBJC_WEAK = YES;
				CLANG_WARN_BLOCK_CAPTURE_AUTORELEASING = YES;
				CLANG_WARN_BOOL_CONVERSION = YES;
				CLANG_WARN_COMMA = YES;
				CLANG_WARN_CONSTANT_CONVERSION = YES;
				CLANG_WARN_DEPRECATED_OBJC_IMPLEMENTATIONS = YES;
				CLANG_WARN_DIRECT_OBJC_ISA_USAGE = YES_ERROR;
				CLANG_WARN_DOCUMENTATION_COMMENTS = YES;
				CLANG_WARN_EMPTY_BODY = YES;
				CLANG_WARN_ENUM_CONVERSION = YES;
				CLANG_WARN_INFINITE_RECURSION = YES;
				CLANG_WARN_INT_CONVERSION = YES;
				CLANG_WARN_NON_LITERAL_NULL_CONVERSION = YES;
				CLANG_WARN_OBJC_IMPLICIT_RETAIN_SELF = YES;
				CLANG_WARN_OBJC_LITERAL_CONVERSION = YES;
				CLANG_WARN_OBJC_ROOT_CLASS = YES_ERROR;
				CLANG_WARN_RANGE_LOOP_ANALYSIS = YES;
				CLANG_WARN_STRICT_PROTOTYPES = YES;
				CLANG_WARN_SUSPICIOUS_MOVE = YES;
				CLANG_WARN_UNGUARDED_AVAILABILITY = YES_AGGRESSIVE;
				CLANG_WARN_UNREACHABLE_CODE = YES;
				CLANG_WARN__DUPLICATE_METHOD_MATCH = YES;
				CODE_SIGN_IDENTITY = "iPhone Developer";
				COPY_PHASE_STRIP = NO;
				DEBUG_INFORMATION_FORMAT = "dwarf-with-dsym";
				ENABLE_NS_ASSERTIONS = NO;
				ENABLE_STRICT_OBJC_MSGSEND = YES;
				GCC_C_LANGUAGE_STANDARD = gnu11;
				GCC_NO_COMMON_BLOCKS = YES;
				GCC_WARN_64_TO_32_BIT_CONVERSION = YES;
				GCC_WARN_ABOUT_RETURN_TYPE = YES_ERROR;
				GCC_WARN_UNDECLARED_SELECTOR = YES;
				GCC_WARN_UNINITIALIZED_AUTOS = YES_AGGRESSIVE;
				GCC_WARN_UNUSED_FUNCTION = YES;
				GCC_WARN_UNUSED_VARIABLE = YES;
				IPHONEOS_DEPLOYMENT_TARGET = 12.1;
				MTL_ENABLE_DEBUG_INFO = NO;
				MTL_FAST_MATH = YES;
				SDKROOT = iphoneos;
				SWIFT_COMPILATION_MODE = wholemodule;
				SWIFT_OPTIMIZATION_LEVEL = "-O";
				VALIDATE_PRODUCT = YES;
			};
			name = Release;
		};
		8484E265218F40ED00C65EE2 /* Debug */ = {
			isa = XCBuildConfiguration;
			buildSettings = {
				ASSETCATALOG_COMPILER_APPICON_NAME = AppIcon;
				ASSETCATALOG_COMPILER_LAUNCHIMAGE_NAME = LaunchImage;
				CLANG_ENABLE_MODULES = YES;
				CODE_SIGN_STYLE = Automatic;
				DEVELOPMENT_TEAM = NH6HY4U5NH;
				INFOPLIST_FILE = Big14Radio/Info.plist;
				IPHONEOS_DEPLOYMENT_TARGET = 9.0;
				LD_RUNPATH_SEARCH_PATHS = (
					"$(inherited)",
					"@executable_path/Frameworks",
				);
				PRODUCT_BUNDLE_IDENTIFIER = com.big14radio.Big14Radio;
				PRODUCT_NAME = "$(TARGET_NAME)";
				SWIFT_OBJC_BRIDGING_HEADER = "Big14Radio/Big14Radio-Bridging-Header.h";
				SWIFT_OPTIMIZATION_LEVEL = "-Onone";
				SWIFT_VERSION = 4.2;
				TARGETED_DEVICE_FAMILY = 1;
			};
			name = Debug;
		};
		8484E266218F40ED00C65EE2 /* Release */ = {
			isa = XCBuildConfiguration;
			buildSettings = {
				ASSETCATALOG_COMPILER_APPICON_NAME = AppIcon;
				ASSETCATALOG_COMPILER_LAUNCHIMAGE_NAME = LaunchImage;
				CLANG_ENABLE_MODULES = YES;
				CODE_SIGN_STYLE = Automatic;
				DEVELOPMENT_TEAM = NH6HY4U5NH;
				INFOPLIST_FILE = Big14Radio/Info.plist;
				IPHONEOS_DEPLOYMENT_TARGET = 9.0;
				LD_RUNPATH_SEARCH_PATHS = (
					"$(inherited)",
					"@executable_path/Frameworks",
				);
				PRODUCT_BUNDLE_IDENTIFIER = com.big14radio.Big14Radio;
				PRODUCT_NAME = "$(TARGET_NAME)";
				SWIFT_OBJC_BRIDGING_HEADER = "Big14Radio/Big14Radio-Bridging-Header.h";
				SWIFT_VERSION = 4.2;
				TARGETED_DEVICE_FAMILY = 1;
			};
			name = Release;
		};
		8484E268218F40ED00C65EE2 /* Debug */ = {
			isa = XCBuildConfiguration;
			buildSettings = {
				ALWAYS_EMBED_SWIFT_STANDARD_LIBRARIES = YES;
				BUNDLE_LOADER = "$(TEST_HOST)";
				CODE_SIGN_STYLE = Automatic;
				DEVELOPMENT_TEAM = NH6HY4U5NH;
				INFOPLIST_FILE = Big14RadioTests/Info.plist;
				LD_RUNPATH_SEARCH_PATHS = (
					"$(inherited)",
					"@executable_path/Frameworks",
					"@loader_path/Frameworks",
				);
				PRODUCT_BUNDLE_IDENTIFIER = com.big14radio.Big14RadioTests;
				PRODUCT_NAME = "$(TARGET_NAME)";
				SWIFT_VERSION = 4.2;
				TARGETED_DEVICE_FAMILY = "1,2";
				TEST_HOST = "$(BUILT_PRODUCTS_DIR)/Big14Radio.app/Big14Radio";
			};
			name = Debug;
		};
		8484E269218F40ED00C65EE2 /* Release */ = {
			isa = XCBuildConfiguration;
			buildSettings = {
				ALWAYS_EMBED_SWIFT_STANDARD_LIBRARIES = YES;
				BUNDLE_LOADER = "$(TEST_HOST)";
				CODE_SIGN_STYLE = Automatic;
				DEVELOPMENT_TEAM = NH6HY4U5NH;
				INFOPLIST_FILE = Big14RadioTests/Info.plist;
				LD_RUNPATH_SEARCH_PATHS = (
					"$(inherited)",
					"@executable_path/Frameworks",
					"@loader_path/Frameworks",
				);
				PRODUCT_BUNDLE_IDENTIFIER = com.big14radio.Big14RadioTests;
				PRODUCT_NAME = "$(TARGET_NAME)";
				SWIFT_VERSION = 4.2;
				TARGETED_DEVICE_FAMILY = "1,2";
				TEST_HOST = "$(BUILT_PRODUCTS_DIR)/Big14Radio.app/Big14Radio";
			};
			name = Release;
		};
		8484E26B218F40ED00C65EE2 /* Debug */ = {
			isa = XCBuildConfiguration;
			buildSettings = {
				ALWAYS_EMBED_SWIFT_STANDARD_LIBRARIES = YES;
				CODE_SIGN_STYLE = Automatic;
				DEVELOPMENT_TEAM = NH6HY4U5NH;
				INFOPLIST_FILE = Big14RadioUITests/Info.plist;
				LD_RUNPATH_SEARCH_PATHS = (
					"$(inherited)",
					"@executable_path/Frameworks",
					"@loader_path/Frameworks",
				);
				PRODUCT_BUNDLE_IDENTIFIER = com.big14radio.Big14RadioUITests;
				PRODUCT_NAME = "$(TARGET_NAME)";
				SWIFT_VERSION = 4.2;
				TARGETED_DEVICE_FAMILY = "1,2";
				TEST_TARGET_NAME = Big14Radio;
			};
			name = Debug;
		};
		8484E26C218F40ED00C65EE2 /* Release */ = {
			isa = XCBuildConfiguration;
			buildSettings = {
				ALWAYS_EMBED_SWIFT_STANDARD_LIBRARIES = YES;
				CODE_SIGN_STYLE = Automatic;
				DEVELOPMENT_TEAM = NH6HY4U5NH;
				INFOPLIST_FILE = Big14RadioUITests/Info.plist;
				LD_RUNPATH_SEARCH_PATHS = (
					"$(inherited)",
					"@executable_path/Frameworks",
					"@loader_path/Frameworks",
				);
				PRODUCT_BUNDLE_IDENTIFIER = com.big14radio.Big14RadioUITests;
				PRODUCT_NAME = "$(TARGET_NAME)";
				SWIFT_VERSION = 4.2;
				TARGETED_DEVICE_FAMILY = "1,2";
				TEST_TARGET_NAME = Big14Radio;
			};
			name = Release;
		};
/* End XCBuildConfiguration section */

/* Begin XCConfigurationList section */
		8484E237218F40EB00C65EE2 /* Build configuration list for PBXProject "Big14Radio" */ = {
			isa = XCConfigurationList;
			buildConfigurations = (
				8484E262218F40ED00C65EE2 /* Debug */,
				8484E263218F40ED00C65EE2 /* Release */,
			);
			defaultConfigurationIsVisible = 0;
			defaultConfigurationName = Release;
		};
		8484E264218F40ED00C65EE2 /* Build configuration list for PBXNativeTarget "Big14Radio" */ = {
			isa = XCConfigurationList;
			buildConfigurations = (
				8484E265218F40ED00C65EE2 /* Debug */,
				8484E266218F40ED00C65EE2 /* Release */,
			);
			defaultConfigurationIsVisible = 0;
			defaultConfigurationName = Release;
		};
		8484E267218F40ED00C65EE2 /* Build configuration list for PBXNativeTarget "Big14RadioTests" */ = {
			isa = XCConfigurationList;
			buildConfigurations = (
				8484E268218F40ED00C65EE2 /* Debug */,
				8484E269218F40ED00C65EE2 /* Release */,
			);
			defaultConfigurationIsVisible = 0;
			defaultConfigurationName = Release;
		};
		8484E26A218F40ED00C65EE2 /* Build configuration list for PBXNativeTarget "Big14RadioUITests" */ = {
			isa = XCConfigurationList;
			buildConfigurations = (
				8484E26B218F40ED00C65EE2 /* Debug */,
				8484E26C218F40ED00C65EE2 /* Release */,
			);
			defaultConfigurationIsVisible = 0;
			defaultConfigurationName = Release;
		};
/* End XCConfigurationList section */
	};
	rootObject = 8484E234218F40EB00C65EE2 /* Project object */;
}
